
Microsoft Visual Studio Solution File, Format Version 12.00
# Visual Studio Version 16
VisualStudioVersion = 16.0.31105.61
MinimumVisualStudioVersion = 10.0.40219.1
Project("{2150E333-8FDC-42A3-9474-1A3956D46DE8}") = "src", "src", "{4901120B-E1E0-4032-B33E-D0A0AA12F741}"
EndProject
Project("{2150E333-8FDC-42A3-9474-1A3956D46DE8}") = "Catalog", "Catalog", "{0533AA41-349F-4F94-A313-F1422FF0C7D0}"
EndProject
Project("{9A19103F-16F7-4668-BE54-9A1E7A4F7556}") = "Catalog.API", "src\Catalog\Catalog.API\Catalog.API.csproj", "{EF9F4C89-45EF-457C-9154-771226EF4BE5}"
EndProject
Project("{E53339B2-1760-4266-BCC7-CA923CBCF16C}") = "docker-compose", "docker-compose.dcproj", "{34ABDFB2-DDBC-430E-A06F-38066EE6F915}"
EndProject
Project("{2150E333-8FDC-42A3-9474-1A3956D46DE8}") = "Basket", "Basket", "{A0B9C375-DDFA-4175-AB0D-D1FBE77E7468}"
EndProject
Project("{9A19103F-16F7-4668-BE54-9A1E7A4F7556}") = "Basket.API", "src\Basket\Basket.API\Basket.API.csproj", "{AE507EFA-CD76-49C4-8E3E-BD77DE901698}"
EndProject
Project("{2150E333-8FDC-42A3-9474-1A3956D46DE8}") = "Common", "Common", "{61FDFA8C-BA95-4D9C-8E59-C9D1C990ABAC}"
EndProject
Project("{9A19103F-16F7-4668-BE54-9A1E7A4F7556}") = "EventBusRabbitMQ", "src\Common\EventBusRabbitMQ\EventBusRabbitMQ.csproj", "{2A8F810A-2DA3-41F3-AA00-536D9BBEEA57}"
EndProject
Project("{2150E333-8FDC-42A3-9474-1A3956D46DE8}") = "Ordering", "Ordering", "{1A9BC8D3-9967-4599-ADC6-F32EC1FF1854}"
EndProject
Project("{9A19103F-16F7-4668-BE54-9A1E7A4F7556}") = "Ordering.API", "src\Ordering\Ordering.API\Ordering.API.csproj", "{62FBFB4C-6A48-4522-89BE-7A2C14E721E5}"
EndProject
Project("{9A19103F-16F7-4668-BE54-9A1E7A4F7556}") = "Ordering.Infrastructure", "src\Ordering\Ordering.Infrastructure\Ordering.Infrastructure.csproj", "{C78C630D-342F-4C48-80A6-1F93A83426C6}"
EndProject
Project("{9A19103F-16F7-4668-BE54-9A1E7A4F7556}") = "Ordering.Core", "src\Ordering\Ordering.Core\Ordering.Core.csproj", "{3A570341-4B8D-4F69-8B0A-F9A89F4AC386}"
EndProject
Project("{9A19103F-16F7-4668-BE54-9A1E7A4F7556}") = "Ordering.Application", "src\Ordering\Ordering.Application\Ordering.Application.csproj", "{2F8FC58D-7881-47BB-9428-882E2BC73652}"
EndProject
Project("{2150E333-8FDC-42A3-9474-1A3956D46DE8}") = "ApiGateway", "ApiGateway", "{DE0C13B2-3406-4517-ADF5-FA4417F6E544}"
EndProject
Project("{9A19103F-16F7-4668-BE54-9A1E7A4F7556}") = "APIGateway", "src\ApiGateway\APIGateway\APIGateway.csproj", "{E18A76E5-D504-449A-B5C4-EDDE9DA3E632}"
EndProject
Project("{2150E333-8FDC-42A3-9474-1A3956D46DE8}") = "WebApp", "WebApp", "{3F84851B-3312-4372-9294-841BE2A1556B}"
EndProject
Project("{9A19103F-16F7-4668-BE54-9A1E7A4F7556}") = "AspnetRunBasics", "src\WebApp\AspnetRunBasics\AspnetRunBasics.csproj", "{B713E44A-5116-49B9-85D3-3D18042134FA}"
EndProject
Global
	GlobalSection(SolutionConfigurationPlatforms) = preSolution
		Debug|Any CPU = Debug|Any CPU
		Release|Any CPU = Release|Any CPU
	EndGlobalSection
	GlobalSection(ProjectConfigurationPlatforms) = postSolution
		{EF9F4C89-45EF-457C-9154-771226EF4BE5}.Debug|Any CPU.ActiveCfg = Debug|Any CPU
		{EF9F4C89-45EF-457C-9154-771226EF4BE5}.Debug|Any CPU.Build.0 = Debug|Any CPU
		{EF9F4C89-45EF-457C-9154-771226EF4BE5}.Release|Any CPU.ActiveCfg = Release|Any CPU
		{EF9F4C89-45EF-457C-9154-771226EF4BE5}.Release|Any CPU.Build.0 = Release|Any CPU
		{34ABDFB2-DDBC-430E-A06F-38066EE6F915}.Debug|Any CPU.ActiveCfg = Debug|Any CPU
		{34ABDFB2-DDBC-430E-A06F-38066EE6F915}.Debug|Any CPU.Build.0 = Debug|Any CPU
		{34ABDFB2-DDBC-430E-A06F-38066EE6F915}.Release|Any CPU.ActiveCfg = Release|Any CPU
		{34ABDFB2-DDBC-430E-A06F-38066EE6F915}.Release|Any CPU.Build.0 = Release|Any CPU
		{AE507EFA-CD76-49C4-8E3E-BD77DE901698}.Debug|Any CPU.ActiveCfg = Debug|Any CPU
		{AE507EFA-CD76-49C4-8E3E-BD77DE901698}.Debug|Any CPU.Build.0 = Debug|Any CPU
		{AE507EFA-CD76-49C4-8E3E-BD77DE901698}.Release|Any CPU.ActiveCfg = Release|Any CPU
		{AE507EFA-CD76-49C4-8E3E-BD77DE901698}.Release|Any CPU.Build.0 = Release|Any CPU
		{2A8F810A-2DA3-41F3-AA00-536D9BBEEA57}.Debug|Any CPU.ActiveCfg = Debug|Any CPU
		{2A8F810A-2DA3-41F3-AA00-536D9BBEEA57}.Debug|Any CPU.Build.0 = Debug|Any CPU
		{2A8F810A-2DA3-41F3-AA00-536D9BBEEA57}.Release|Any CPU.ActiveCfg = Release|Any CPU
		{2A8F810A-2DA3-41F3-AA00-536D9BBEEA57}.Release|Any CPU.Build.0 = Release|Any CPU
		{62FBFB4C-6A48-4522-89BE-7A2C14E721E5}.Debug|Any CPU.ActiveCfg = Debug|Any CPU
		{62FBFB4C-6A48-4522-89BE-7A2C14E721E5}.Debug|Any CPU.Build.0 = Debug|Any CPU
		{62FBFB4C-6A48-4522-89BE-7A2C14E721E5}.Release|Any CPU.ActiveCfg = Release|Any CPU
		{62FBFB4C-6A48-4522-89BE-7A2C14E721E5}.Release|Any CPU.Build.0 = Release|Any CPU
		{C78C630D-342F-4C48-80A6-1F93A83426C6}.Debug|Any CPU.ActiveCfg = Debug|Any CPU
		{C78C630D-342F-4C48-80A6-1F93A83426C6}.Debug|Any CPU.Build.0 = Debug|Any CPU
		{C78C630D-342F-4C48-80A6-1F93A83426C6}.Release|Any CPU.ActiveCfg = Release|Any CPU
		{C78C630D-342F-4C48-80A6-1F93A83426C6}.Release|Any CPU.Build.0 = Release|Any CPU
		{3A570341-4B8D-4F69-8B0A-F9A89F4AC386}.Debug|Any CPU.ActiveCfg = Debug|Any CPU
		{3A570341-4B8D-4F69-8B0A-F9A89F4AC386}.Debug|Any CPU.Build.0 = Debug|Any CPU
		{3A570341-4B8D-4F69-8B0A-F9A89F4AC386}.Release|Any CPU.ActiveCfg = Release|Any CPU
		{3A570341-4B8D-4F69-8B0A-F9A89F4AC386}.Release|Any CPU.Build.0 = Release|Any CPU
		{2F8FC58D-7881-47BB-9428-882E2BC73652}.Debug|Any CPU.ActiveCfg = Debug|Any CPU
		{2F8FC58D-7881-47BB-9428-882E2BC73652}.Debug|Any CPU.Build.0 = Debug|Any CPU
		{2F8FC58D-7881-47BB-9428-882E2BC73652}.Release|Any CPU.ActiveCfg = Release|Any CPU
		{2F8FC58D-7881-47BB-9428-882E2BC73652}.Release|Any CPU.Build.0 = Release|Any CPU
		{E18A76E5-D504-449A-B5C4-EDDE9DA3E632}.Debug|Any CPU.ActiveCfg = Debug|Any CPU
		{E18A76E5-D504-449A-B5C4-EDDE9DA3E632}.Debug|Any CPU.Build.0 = Debug|Any CPU
		{E18A76E5-D504-449A-B5C4-EDDE9DA3E632}.Release|Any CPU.ActiveCfg = Release|Any CPU
		{E18A76E5-D504-449A-B5C4-EDDE9DA3E632}.Release|Any CPU.Build.0 = Release|Any CPU
		{B713E44A-5116-49B9-85D3-3D18042134FA}.Debug|Any CPU.ActiveCfg = Debug|Any CPU
		{B713E44A-5116-49B9-85D3-3D18042134FA}.Debug|Any CPU.Build.0 = Debug|Any CPU
		{B713E44A-5116-49B9-85D3-3D18042134FA}.Release|Any CPU.ActiveCfg = Release|Any CPU
		{B713E44A-5116-49B9-85D3-3D18042134FA}.Release|Any CPU.Build.0 = Release|Any CPU
	EndGlobalSection
	GlobalSection(SolutionProperties) = preSolution
		HideSolutionNode = FALSE
	EndGlobalSection
	GlobalSection(NestedProjects) = preSolution
		{0533AA41-349F-4F94-A313-F1422FF0C7D0} = {4901120B-E1E0-4032-B33E-D0A0AA12F741}
		{EF9F4C89-45EF-457C-9154-771226EF4BE5} = {0533AA41-349F-4F94-A313-F1422FF0C7D0}
		{A0B9C375-DDFA-4175-AB0D-D1FBE77E7468} = {4901120B-E1E0-4032-B33E-D0A0AA12F741}
		{AE507EFA-CD76-49C4-8E3E-BD77DE901698} = {A0B9C375-DDFA-4175-AB0D-D1FBE77E7468}
		{61FDFA8C-BA95-4D9C-8E59-C9D1C990ABAC} = {4901120B-E1E0-4032-B33E-D0A0AA12F741}
		{2A8F810A-2DA3-41F3-AA00-536D9BBEEA57} = {61FDFA8C-BA95-4D9C-8E59-C9D1C990ABAC}
		{1A9BC8D3-9967-4599-ADC6-F32EC1FF1854} = {4901120B-E1E0-4032-B33E-D0A0AA12F741}
		{62FBFB4C-6A48-4522-89BE-7A2C14E721E5} = {1A9BC8D3-9967-4599-ADC6-F32EC1FF1854}
		{C78C630D-342F-4C48-80A6-1F93A83426C6} = {1A9BC8D3-9967-4599-ADC6-F32EC1FF1854}
		{3A570341-4B8D-4F69-8B0A-F9A89F4AC386} = {1A9BC8D3-9967-4599-ADC6-F32EC1FF1854}
		{2F8FC58D-7881-47BB-9428-882E2BC73652} = {1A9BC8D3-9967-4599-ADC6-F32EC1FF1854}
		{DE0C13B2-3406-4517-ADF5-FA4417F6E544} = {4901120B-E1E0-4032-B33E-D0A0AA12F741}
		{E18A76E5-D504-449A-B5C4-EDDE9DA3E632} = {DE0C13B2-3406-4517-ADF5-FA4417F6E544}
		{3F84851B-3312-4372-9294-841BE2A1556B} = {4901120B-E1E0-4032-B33E-D0A0AA12F741}
		{B713E44A-5116-49B9-85D3-3D18042134FA} = {3F84851B-3312-4372-9294-841BE2A1556B}
	EndGlobalSection
	GlobalSection(ExtensibilityGlobals) = postSolution
		SolutionGuid = {E2E1C90A-1CA5-4620-AF3E-43AD16478B6A}
	EndGlobalSection
EndGlobal
